
Microsoft Visual Studio Solution File, Format Version 12.00
# Visual Studio Version 16
VisualStudioVersion = 16.0.31515.178
MinimumVisualStudioVersion = 10.0.40219.1
Project("{FAE04EC0-301F-11D3-BF4B-00C04F79EFBC}") = "WebApplication2", "WebApplication2\WebApplication2.csproj", "{F6048E05-86F9-4C9B-A7F9-FC1C3A9B726C}"
EndProject
Global
	GlobalSection(SolutionConfigurationPlatforms) = preSolution
		Debug|Any CPU = Debug|Any CPU
		Release|Any CPU = Release|Any CPU
	EndGlobalSection
	GlobalSection(ProjectConfigurationPlatforms) = postSolution
		{F6048E05-86F9-4C9B-A7F9-FC1C3A9B726C}.Debug|Any CPU.ActiveCfg = Debug|Any CPU
		{F6048E05-86F9-4C9B-A7F9-FC1C3A9B726C}.Debug|Any CPU.Build.0 = Debug|Any CPU
		{F6048E05-86F9-4C9B-A7F9-FC1C3A9B726C}.Release|Any CPU.ActiveCfg = Release|Any CPU
		{F6048E05-86F9-4C9B-A7F9-FC1C3A9B726C}.Release|Any CPU.Build.0 = Release|Any CPU
	EndGlobalSection
	GlobalSection(SolutionProperties) = preSolution
		HideSolutionNode = FALSE
	EndGlobalSection
	GlobalSection(ExtensibilityGlobals) = postSolution
		SolutionGuid = {B2073F47-C541-4CEC-8306-C8B6D4E845B0}
	EndGlobalSection
EndGlobal
